<?xml version="1.0" encoding="utf-8"?>
<Project ToolsVersion="4.0" xmlns="http://schemas.microsoft.com/developer/msbuild/2003">
  <ItemGroup>
    <Filter Include="Source Files">
      <UniqueIdentifier>{4FC737F1-C7A5-4376-A066-2A32D752A2FF}</UniqueIdentifier>
      <Extensions>cpp;c;cc;cxx;def;odl;idl;hpj;bat;asm;asmx</Extensions>
    </Filter>
    <Filter Include="Header Files">
      <UniqueIdentifier>{93995380-89BD-4b04-88EB-625FBE52EBFB}</UniqueIdentifier>
      <Extensions>h;hpp;hxx;hm;inl;inc;xsd</Extensions>
    </Filter>
    <Filter Include="Resource Files">
      <UniqueIdentifier>{67DA6AB6-F800-4c08-8B7A-83BB121AAD01}</UniqueIdentifier>
      <Extensions>rc;ico;cur;bmp;dlg;rc2;rct;bin;rgs;gif;jpg;jpeg;jpe;resx;tiff;tif;png;wav;mfcribbon-ms</Extensions>
    </Filter>
    <Filter Include="Header Files\nparse">
      <UniqueIdentifier>{af5a4457-b4e4-4526-89a8-82bd93e91e01}</UniqueIdentifier>
    </Filter>
    <Filter Include="Header Files\nmath">
      <UniqueIdentifier>{1d85a7a0-c393-4552-b509-076714ec8e0d}</UniqueIdentifier>
    </Filter>
    <Filter Include="Source Files\nparse">
      <UniqueIdentifier>{c688cc5e-a193-4cf4-babf-c9097c18f698}</UniqueIdentifier>
    </Filter>
    <Filter Include="Source Files\nmath">
      <UniqueIdentifier>{decfbb0b-0dec-4cd9-b5be-c3f6018c75b4}</UniqueIdentifier>
    </Filter>
  </ItemGroup>
  <ItemGroup>
    <ClCompile Include="..\..\src\pixel.c">
      <Filter>Source Files</Filter>
    </ClCompile>
    <ClCompile Include="..\..\src\camera.cpp">
      <Filter>Source Files</Filter>
    </ClCompile>
    <ClCompile Include="..\..\src\console.cpp">
      <Filter>Source Files</Filter>
    </ClCompile>
    <ClCompile Include="..\..\src\drv.cpp">
      <Filter>Source Files</Filter>
    </ClCompile>
    <ClCompile Include="..\..\src\drvppm.cpp">
      <Filter>Source Files</Filter>
    </ClCompile>
    <ClCompile Include="..\..\src\drvsdl.cpp">
      <Filter>Source Files</Filter>
    </ClCompile>
    <ClCompile Include="..\..\src\fb.cpp">
      <Filter>Source Files</Filter>
    </ClCompile>
    <ClCompile Include="..\..\src\light.cpp">
      <Filter>Source Files</Filter>
    </ClCompile>
    <ClCompile Include="..\..\src\material.cpp">
      <Filter>Source Files</Filter>
    </ClCompile>
    <ClCompile Include="..\..\src\mesh.cpp">
      <Filter>Source Files</Filter>
    </ClCompile>
    <ClCompile Include="..\..\src\object.cpp">
      <Filter>Source Files</Filter>
    </ClCompile>
    <ClCompile Include="..\..\src\renderer.cpp">
      <Filter>Source Files</Filter>
    </ClCompile>
    <ClCompile Include="..\..\src\scene.cpp">
      <Filter>Source Files</Filter>
    </ClCompile>
    <ClCompile Include="..\..\src\xtracer.cpp">
      <Filter>Source Files</Filter>
    </ClCompile>
    <ClCompile Include="..\..\src\nparse\cf1.cpp">
      <Filter>Source Files\nparse</Filter>
    </ClCompile>
    <ClCompile Include="..\..\src\nparse\util.cpp">
      <Filter>Source Files\nparse</Filter>
    </ClCompile>
    <ClCompile Include="..\..\src\nmath\vector.cc">
      <Filter>Source Files\nmath</Filter>
    </ClCompile>
    <ClCompile Include="..\..\src\nmath\triangle.cc">
      <Filter>Source Files\nmath</Filter>
    </ClCompile>
    <ClCompile Include="..\..\src\nmath\sphere.cc">
      <Filter>Source Files\nmath</Filter>
    </ClCompile>
    <ClCompile Include="..\..\src\nmath\ray.cc">
      <Filter>Source Files\nmath</Filter>
    </ClCompile>
    <ClCompile Include="..\..\src\nmath\plane.cc">
      <Filter>Source Files\nmath</Filter>
    </ClCompile>
    <ClCompile Include="..\..\src\nmath\matrix.cc">
      <Filter>Source Files\nmath</Filter>
    </ClCompile>
    <ClCompile Include="..\..\src\nmath\intinfo.cc">
      <Filter>Source Files\nmath</Filter>
    </ClCompile>
    <ClCompile Include="..\..\src\nmath\geometry.cc">
      <Filter>Source Files\nmath</Filter>
    </ClCompile>
    <ClCompile Include="..\..\src\nmath\aabb.cc">
      <Filter>Source Files\nmath</Filter>
    </ClCompile>
  </ItemGroup>
  <ItemGroup>
    <ClInclude Include="..\..\src\camera.hpp">
      <Filter>Header Files</Filter>
    </ClInclude>
    <ClInclude Include="..\..\src\console.hpp">
      <Filter>Header Files</Filter>
    </ClInclude>
    <ClInclude Include="..\..\src\drv.hpp">
      <Filter>Header Files</Filter>
    </ClInclude>
    <ClInclude Include="..\..\src\drvppm.hpp">
      <Filter>Header Files</Filter>
    </ClInclude>
    <ClInclude Include="..\..\src\drvsdl.hpp">
      <Filter>Header Files</Filter>
    </ClInclude>
    <ClInclude Include="..\..\src\fb.hpp">
      <Filter>Header Files</Filter>
    </ClInclude>
    <ClInclude Include="..\..\src\lambert.hpp">
      <Filter>Header Files</Filter>
    </ClInclude>
    <ClInclude Include="..\..\src\light.hpp">
      <Filter>Header Files</Filter>
    </ClInclude>
    <ClInclude Include="..\..\src\material.hpp">
      <Filter>Header Files</Filter>
    </ClInclude>
    <ClInclude Include="..\..\src\mesh.hpp">
      <Filter>Header Files</Filter>
    </ClInclude>
    <ClInclude Include="..\..\src\object.hpp">
      <Filter>Header Files</Filter>
    </ClInclude>
    <ClInclude Include="..\..\src\phong.hpp">
      <Filter>Header Files</Filter>
    </ClInclude>
    <ClInclude Include="..\..\src\pixel.h">
      <Filter>Header Files</Filter>
    </ClInclude>
    <ClInclude Include="..\..\src\proto.h">
      <Filter>Header Files</Filter>
    </ClInclude>
    <ClInclude Include="..\..\src\renderer.hpp">
      <Filter>Header Files</Filter>
    </ClInclude>
    <ClInclude Include="..\..\src\scene.hpp">
      <Filter>Header Files</Filter>
    </ClInclude>
    <ClInclude Include="..\..\src\setup.hpp">
      <Filter>Header Files</Filter>
    </ClInclude>
    <ClInclude Include="..\..\src\vertex.hpp">
      <Filter>Header Files</Filter>
    </ClInclude>
    <ClInclude Include="..\..\src\nmath\vector.h">
      <Filter>Header Files\nmath</Filter>
    </ClInclude>
    <ClInclude Include="..\..\src\nmath\types.h">
      <Filter>Header Files\nmath</Filter>
    </ClInclude>
    <ClInclude Include="..\..\src\nmath\triangle.h">
      <Filter>Header Files\nmath</Filter>
    </ClInclude>
    <ClInclude Include="..\..\src\nmath\sphere.h">
      <Filter>Header Files\nmath</Filter>
    </ClInclude>
    <ClInclude Include="..\..\src\nmath\ray.h">
      <Filter>Header Files\nmath</Filter>
    </ClInclude>
    <ClInclude Include="..\..\src\nmath\prng.h">
      <Filter>Header Files\nmath</Filter>
    </ClInclude>
    <ClInclude Include="..\..\src\nmath\prime.h">
      <Filter>Header Files\nmath</Filter>
    </ClInclude>
    <ClInclude Include="..\..\src\nmath\precision.h">
      <Filter>Header Files\nmath</Filter>
    </ClInclude>
    <ClInclude Include="..\..\src\nmath\plane.h">
      <Filter>Header Files\nmath</Filter>
    </ClInclude>
    <ClInclude Include="..\..\src\nmath\mutil.h">
      <Filter>Header Files\nmath</Filter>
    </ClInclude>
    <ClInclude Include="..\..\src\nmath\matrix.h">
      <Filter>Header Files\nmath</Filter>
    </ClInclude>
    <ClInclude Include="..\..\src\nmath\intinfo.h">
      <Filter>Header Files\nmath</Filter>
    </ClInclude>
    <ClInclude Include="..\..\src\nmath\interpolation.h">
      <Filter>Header Files\nmath</Filter>
    </ClInclude>
    <ClInclude Include="..\..\src\nmath\geometry.h">
      <Filter>Header Files\nmath</Filter>
    </ClInclude>
    <ClInclude Include="..\..\src\nmath\defs.h">
      <Filter>Header Files\nmath</Filter>
    </ClInclude>
    <ClInclude Include="..\..\src\nmath\aabb.h">
      <Filter>Header Files\nmath</Filter>
    </ClInclude>
    <ClInclude Include="..\..\src\nparse\cf1.hpp">
      <Filter>Header Files\nparse</Filter>
    </ClInclude>
    <ClInclude Include="..\..\src\nparse\util.hpp">
      <Filter>Header Files\nparse</Filter>
    </ClInclude>
  </ItemGroup>
  <ItemGroup>
    <None Include="..\..\src\lambert.inl">
      <Filter>Header Files</Filter>
    </None>
    <None Include="..\..\src\phong.inl">
      <Filter>Header Files</Filter>
    </None>
    <None Include="..\..\src\nmath\vector.inl">
      <Filter>Header Files\nmath</Filter>
    </None>
    <None Include="..\..\src\nmath\triangle.inl">
      <Filter>Header Files\nmath</Filter>
    </None>
    <None Include="..\..\src\nmath\sphere.inl">
      <Filter>Header Files\nmath</Filter>
    </None>
    <None Include="..\..\src\nmath\ray.inl">
      <Filter>Header Files\nmath</Filter>
    </None>
    <None Include="..\..\src\nmath\prng.inl">
      <Filter>Header Files\nmath</Filter>
    </None>
    <None Include="..\..\src\nmath\prime.inl">
      <Filter>Header Files\nmath</Filter>
    </None>
    <None Include="..\..\src\nmath\plane.inl">
      <Filter>Header Files\nmath</Filter>
    </None>
    <None Include="..\..\src\nmath\mutil.inl">
      <Filter>Header Files\nmath</Filter>
    </None>
    <None Include="..\..\src\nmath\matrix.inl">
      <Filter>Header Files\nmath</Filter>
    </None>
    <None Include="..\..\src\nmath\interpolation.inl">
      <Filter>Header Files\nmath</Filter>
    </None>
    <None Include="..\..\src\nmath\aabb.inl">
      <Filter>Header Files\nmath</Filter>
    </None>
  </ItemGroup>
</Project>